// !$*UTF8*$!
{
	archiveVersion = 1;
	classes = {
	};
	objectVersion = 46;
	objects = {

/* Begin PBXBuildFile section */
		9BEF107E17A5ED6000F94775 /* EEViewRecomendacoes.m in Sources */ = {isa = PBXBuildFile; fileRef = 9BEF107C17A5ED6000F94775 /* EEViewRecomendacoes.m */; };
		9BEF107F17A5ED6000F94775 /* EEViewRecomendacoes.xib in Resources */ = {isa = PBXBuildFile; fileRef = 9BEF107D17A5ED6000F94775 /* EEViewRecomendacoes.xib */; };
		9BEF108317A5EDF600F94775 /* EEViewPerfil.m in Sources */ = {isa = PBXBuildFile; fileRef = 9BEF108117A5EDF600F94775 /* EEViewPerfil.m */; };
		9BEF108417A5EDF600F94775 /* EEViewPerfil.xib in Resources */ = {isa = PBXBuildFile; fileRef = 9BEF108217A5EDF600F94775 /* EEViewPerfil.xib */; };
		9BEF108817A5EE2500F94775 /* EEViewRegistro.m in Sources */ = {isa = PBXBuildFile; fileRef = 9BEF108617A5EE2500F94775 /* EEViewRegistro.m */; };
		9BEF108917A5EE2500F94775 /* EEViewRegistro.xib in Resources */ = {isa = PBXBuildFile; fileRef = 9BEF108717A5EE2500F94775 /* EEViewRegistro.xib */; };
		C7028C7B1796BA0100A50CBD /* UIKit.framework in Frameworks */ = {isa = PBXBuildFile; fileRef = C7028C7A1796BA0000A50CBD /* UIKit.framework */; };
		C7028C7D1796BA0100A50CBD /* Foundation.framework in Frameworks */ = {isa = PBXBuildFile; fileRef = C7028C7C1796BA0100A50CBD /* Foundation.framework */; };
		C7028C7F1796BA0100A50CBD /* CoreGraphics.framework in Frameworks */ = {isa = PBXBuildFile; fileRef = C7028C7E1796BA0100A50CBD /* CoreGraphics.framework */; };
		C7028C851796BA0100A50CBD /* InfoPlist.strings in Resources */ = {isa = PBXBuildFile; fileRef = C7028C831796BA0100A50CBD /* InfoPlist.strings */; };
		C7028C871796BA0100A50CBD /* main.m in Sources */ = {isa = PBXBuildFile; fileRef = C7028C861796BA0100A50CBD /* main.m */; };
		C7028C8B1796BA0100A50CBD /* EEAppDelegate.m in Sources */ = {isa = PBXBuildFile; fileRef = C7028C8A1796BA0100A50CBD /* EEAppDelegate.m */; };
		C7028C8D1796BA0100A50CBD /* Default.png in Resources */ = {isa = PBXBuildFile; fileRef = C7028C8C1796BA0100A50CBD /* Default.png */; };
		C7028C8F1796BA0100A50CBD /* Default@2x.png in Resources */ = {isa = PBXBuildFile; fileRef = C7028C8E1796BA0100A50CBD /* Default@2x.png */; };
		C7028C911796BA0100A50CBD /* Default-568h@2x.png in Resources */ = {isa = PBXBuildFile; fileRef = C7028C901796BA0100A50CBD /* Default-568h@2x.png */; };
		C7028C941796BA0100A50CBD /* EEMainView.m in Sources */ = {isa = PBXBuildFile; fileRef = C7028C931796BA0100A50CBD /* EEMainView.m */; };
		C7028C971796BA0100A50CBD /* EEMainView.xib in Resources */ = {isa = PBXBuildFile; fileRef = C7028C951796BA0100A50CBD /* EEMainView.xib */; };
		C7028C9E1796BAFD00A50CBD /* Logo_Nutrindo_57x57.png in Resources */ = {isa = PBXBuildFile; fileRef = C7028C9D1796BAFD00A50CBD /* Logo_Nutrindo_57x57.png */; };
		C7028CA01796BB0600A50CBD /* Logo_Nutrindo_114x114.png in Resources */ = {isa = PBXBuildFile; fileRef = C7028C9F1796BB0600A50CBD /* Logo_Nutrindo_114x114.png */; };
		C7028CA21796BC1600A50CBD /* Default.png in Resources */ = {isa = PBXBuildFile; fileRef = C7028CA11796BC1600A50CBD /* Default.png */; };
		C7028CA41796BC3000A50CBD /* Default@2x.png in Resources */ = {isa = PBXBuildFile; fileRef = C7028CA31796BC3000A50CBD /* Default@2x.png */; };
		C7028CA61796BC4300A50CBD /* Default-568h@2x.png in Resources */ = {isa = PBXBuildFile; fileRef = C7028CA51796BC4300A50CBD /* Default-568h@2x.png */; };
/* End PBXBuildFile section */

/* Begin PBXFileReference section */
		9BEF107B17A5ED6000F94775 /* EEViewRecomendacoes.h */ = {isa = PBXFileReference; fileEncoding = 4; lastKnownFileType = sourcecode.c.h; path = EEViewRecomendacoes.h; sourceTree = "<group>"; };
		9BEF107C17A5ED6000F94775 /* EEViewRecomendacoes.m */ = {isa = PBXFileReference; fileEncoding = 4; lastKnownFileType = sourcecode.c.objc; path = EEViewRecomendacoes.m; sourceTree = "<group>"; };
		9BEF107D17A5ED6000F94775 /* EEViewRecomendacoes.xib */ = {isa = PBXFileReference; fileEncoding = 4; lastKnownFileType = file.xib; path = EEViewRecomendacoes.xib; sourceTree = "<group>"; };
		9BEF108017A5EDF600F94775 /* EEViewPerfil.h */ = {isa = PBXFileReference; fileEncoding = 4; lastKnownFileType = sourcecode.c.h; path = EEViewPerfil.h; sourceTree = "<group>"; };
		9BEF108117A5EDF600F94775 /* EEViewPerfil.m */ = {isa = PBXFileReference; fileEncoding = 4; lastKnownFileType = sourcecode.c.objc; path = EEViewPerfil.m; sourceTree = "<group>"; };
		9BEF108217A5EDF600F94775 /* EEViewPerfil.xib */ = {isa = PBXFileReference; fileEncoding = 4; lastKnownFileType = file.xib; path = EEViewPerfil.xib; sourceTree = "<group>"; };
		9BEF108517A5EE2500F94775 /* EEViewRegistro.h */ = {isa = PBXFileReference; fileEncoding = 4; lastKnownFileType = sourcecode.c.h; path = EEViewRegistro.h; sourceTree = "<group>"; };
		9BEF108617A5EE2500F94775 /* EEViewRegistro.m */ = {isa = PBXFileReference; fileEncoding = 4; lastKnownFileType = sourcecode.c.objc; path = EEViewRegistro.m; sourceTree = "<group>"; };
		9BEF108717A5EE2500F94775 /* EEViewRegistro.xib */ = {isa = PBXFileReference; fileEncoding = 4; lastKnownFileType = file.xib; path = EEViewRegistro.xib; sourceTree = "<group>"; };
		C7028C771796BA0000A50CBD /* Nutrindo.app */ = {isa = PBXFileReference; explicitFileType = wrapper.application; includeInIndex = 0; path = Nutrindo.app; sourceTree = BUILT_PRODUCTS_DIR; };
		C7028C7A1796BA0000A50CBD /* UIKit.framework */ = {isa = PBXFileReference; lastKnownFileType = wrapper.framework; name = UIKit.framework; path = System/Library/Frameworks/UIKit.framework; sourceTree = SDKROOT; };
		C7028C7C1796BA0100A50CBD /* Foundation.framework */ = {isa = PBXFileReference; lastKnownFileType = wrapper.framework; name = Foundation.framework; path = System/Library/Frameworks/Foundation.framework; sourceTree = SDKROOT; };
		C7028C7E1796BA0100A50CBD /* CoreGraphics.framework */ = {isa = PBXFileReference; lastKnownFileType = wrapper.framework; name = CoreGraphics.framework; path = System/Library/Frameworks/CoreGraphics.framework; sourceTree = SDKROOT; };
		C7028C821796BA0100A50CBD /* Nutrindo-Info.plist */ = {isa = PBXFileReference; lastKnownFileType = text.plist.xml; path = "Nutrindo-Info.plist"; sourceTree = "<group>"; };
		C7028C841796BA0100A50CBD /* en */ = {isa = PBXFileReference; lastKnownFileType = text.plist.strings; name = en; path = en.lproj/InfoPlist.strings; sourceTree = "<group>"; };
		C7028C861796BA0100A50CBD /* main.m */ = {isa = PBXFileReference; lastKnownFileType = sourcecode.c.objc; path = main.m; sourceTree = "<group>"; };
		C7028C881796BA0100A50CBD /* Nutrindo-Prefix.pch */ = {isa = PBXFileReference; lastKnownFileType = sourcecode.c.h; path = "Nutrindo-Prefix.pch"; sourceTree = "<group>"; };
		C7028C891796BA0100A50CBD /* EEAppDelegate.h */ = {isa = PBXFileReference; lastKnownFileType = sourcecode.c.h; path = EEAppDelegate.h; sourceTree = "<group>"; };
		C7028C8A1796BA0100A50CBD /* EEAppDelegate.m */ = {isa = PBXFileReference; lastKnownFileType = sourcecode.c.objc; path = EEAppDelegate.m; sourceTree = "<group>"; };
		C7028C8C1796BA0100A50CBD /* Default.png */ = {isa = PBXFileReference; lastKnownFileType = image.png; path = Default.png; sourceTree = "<group>"; };
		C7028C8E1796BA0100A50CBD /* Default@2x.png */ = {isa = PBXFileReference; lastKnownFileType = image.png; path = "Default@2x.png"; sourceTree = "<group>"; };
		C7028C901796BA0100A50CBD /* Default-568h@2x.png */ = {isa = PBXFileReference; lastKnownFileType = image.png; path = "Default-568h@2x.png"; sourceTree = "<group>"; };
		C7028C921796BA0100A50CBD /* EEMainView.h */ = {isa = PBXFileReference; lastKnownFileType = sourcecode.c.h; path = EEMainView.h; sourceTree = "<group>"; };
		C7028C931796BA0100A50CBD /* EEMainView.m */ = {isa = PBXFileReference; lastKnownFileType = sourcecode.c.objc; path = EEMainView.m; sourceTree = "<group>"; };
		C7028C961796BA0100A50CBD /* en */ = {isa = PBXFileReference; lastKnownFileType = file.xib; name = en; path = en.lproj/EEMainView.xib; sourceTree = "<group>"; };
		C7028C9D1796BAFD00A50CBD /* Logo_Nutrindo_57x57.png */ = {isa = PBXFileReference; lastKnownFileType = image.png; path = Logo_Nutrindo_57x57.png; sourceTree = "<group>"; };
		C7028C9F1796BB0600A50CBD /* Logo_Nutrindo_114x114.png */ = {isa = PBXFileReference; lastKnownFileType = image.png; path = Logo_Nutrindo_114x114.png; sourceTree = "<group>"; };
		C7028CA11796BC1600A50CBD /* Default.png */ = {isa = PBXFileReference; lastKnownFileType = image.png; path = Default.png; sourceTree = "<group>"; };
		C7028CA31796BC3000A50CBD /* Default@2x.png */ = {isa = PBXFileReference; lastKnownFileType = image.png; path = "Default@2x.png"; sourceTree = "<group>"; };
		C7028CA51796BC4300A50CBD /* Default-568h@2x.png */ = {isa = PBXFileReference; lastKnownFileType = image.png; path = "Default-568h@2x.png"; sourceTree = "<group>"; };
/* End PBXFileReference section */

/* Begin PBXFrameworksBuildPhase section */
		C7028C741796BA0000A50CBD /* Frameworks */ = {
			isa = PBXFrameworksBuildPhase;
			buildActionMask = 2147483647;
			files = (
				C7028C7B1796BA0100A50CBD /* UIKit.framework in Frameworks */,
				C7028C7D1796BA0100A50CBD /* Foundation.framework in Frameworks */,
				C7028C7F1796BA0100A50CBD /* CoreGraphics.framework in Frameworks */,
			);
			runOnlyForDeploymentPostprocessing = 0;
		};
/* End PBXFrameworksBuildPhase section */

/* Begin PBXGroup section */
		C7028C6E1796BA0000A50CBD = {
			isa = PBXGroup;
			children = (
				C7028CA51796BC4300A50CBD /* Default-568h@2x.png */,
				C7028CA31796BC3000A50CBD /* Default@2x.png */,
				C7028CA11796BC1600A50CBD /* Default.png */,
				C7028C9F1796BB0600A50CBD /* Logo_Nutrindo_114x114.png */,
				C7028C9D1796BAFD00A50CBD /* Logo_Nutrindo_57x57.png */,
				C7028C801796BA0100A50CBD /* Nutrindo */,
				C7028C791796BA0000A50CBD /* Frameworks */,
				C7028C781796BA0000A50CBD /* Products */,
			);
			sourceTree = "<group>";
		};
		C7028C781796BA0000A50CBD /* Products */ = {
			isa = PBXGroup;
			children = (
				C7028C771796BA0000A50CBD /* Nutrindo.app */,
			);
			name = Products;
			sourceTree = "<group>";
		};
		C7028C791796BA0000A50CBD /* Frameworks */ = {
			isa = PBXGroup;
			children = (
				C7028C7A1796BA0000A50CBD /* UIKit.framework */,
				C7028C7C1796BA0100A50CBD /* Foundation.framework */,
				C7028C7E1796BA0100A50CBD /* CoreGraphics.framework */,
			);
			name = Frameworks;
			sourceTree = "<group>";
		};
		C7028C801796BA0100A50CBD /* Nutrindo */ = {
			isa = PBXGroup;
			children = (
				C7028C891796BA0100A50CBD /* EEAppDelegate.h */,
				C7028C8A1796BA0100A50CBD /* EEAppDelegate.m */,
				C7028C921796BA0100A50CBD /* EEMainView.h */,
				C7028C931796BA0100A50CBD /* EEMainView.m */,
				C7028C951796BA0100A50CBD /* EEMainView.xib */,
				9BEF107B17A5ED6000F94775 /* EEViewRecomendacoes.h */,
				9BEF107C17A5ED6000F94775 /* EEViewRecomendacoes.m */,
				9BEF107D17A5ED6000F94775 /* EEViewRecomendacoes.xib */,
				9BEF108017A5EDF600F94775 /* EEViewPerfil.h */,
				9BEF108117A5EDF600F94775 /* EEViewPerfil.m */,
				9BEF108217A5EDF600F94775 /* EEViewPerfil.xib */,
				9BEF108517A5EE2500F94775 /* EEViewRegistro.h */,
				9BEF108617A5EE2500F94775 /* EEViewRegistro.m */,
				9BEF108717A5EE2500F94775 /* EEViewRegistro.xib */,
				C7028C811796BA0100A50CBD /* Supporting Files */,
			);
			path = Nutrindo;
			sourceTree = "<group>";
		};
		C7028C811796BA0100A50CBD /* Supporting Files */ = {
			isa = PBXGroup;
			children = (
				C7028C821796BA0100A50CBD /* Nutrindo-Info.plist */,
				C7028C831796BA0100A50CBD /* InfoPlist.strings */,
				C7028C861796BA0100A50CBD /* main.m */,
				C7028C881796BA0100A50CBD /* Nutrindo-Prefix.pch */,
				C7028C8C1796BA0100A50CBD /* Default.png */,
				C7028C8E1796BA0100A50CBD /* Default@2x.png */,
				C7028C901796BA0100A50CBD /* Default-568h@2x.png */,
			);
			name = "Supporting Files";
			sourceTree = "<group>";
		};
/* End PBXGroup section */

/* Begin PBXNativeTarget section */
		C7028C761796BA0000A50CBD /* Nutrindo */ = {
			isa = PBXNativeTarget;
			buildConfigurationList = C7028C9A1796BA0100A50CBD /* Build configuration list for PBXNativeTarget "Nutrindo" */;
			buildPhases = (
				C7028C731796BA0000A50CBD /* Sources */,
				C7028C741796BA0000A50CBD /* Frameworks */,
				C7028C751796BA0000A50CBD /* Resources */,
			);
			buildRules = (
			);
			dependencies = (
			);
			name = Nutrindo;
			productName = Nutrindo;
			productReference = C7028C771796BA0000A50CBD /* Nutrindo.app */;
			productType = "com.apple.product-type.application";
		};
/* End PBXNativeTarget section */

/* Begin PBXProject section */
		C7028C6F1796BA0000A50CBD /* Project object */ = {
			isa = PBXProject;
			attributes = {
				CLASSPREFIX = EE;
				LastUpgradeCheck = 0460;
				ORGANIZATIONNAME = ios;
			};
			buildConfigurationList = C7028C721796BA0000A50CBD /* Build configuration list for PBXProject "Nutrindo" */;
			compatibilityVersion = "Xcode 3.2";
			developmentRegion = English;
			hasScannedForEncodings = 0;
			knownRegions = (
				en,
			);
			mainGroup = C7028C6E1796BA0000A50CBD;
			productRefGroup = C7028C781796BA0000A50CBD /* Products */;
			projectDirPath = "";
			projectRoot = "";
			targets = (
				C7028C761796BA0000A50CBD /* Nutrindo */,
			);
		};
/* End PBXProject section */

/* Begin PBXResourcesBuildPhase section */
		C7028C751796BA0000A50CBD /* Resources */ = {
			isa = PBXResourcesBuildPhase;
			buildActionMask = 2147483647;
			files = (
				C7028C851796BA0100A50CBD /* InfoPlist.strings in Resources */,
				C7028C8D1796BA0100A50CBD /* Default.png in Resources */,
				C7028C8F1796BA0100A50CBD /* Default@2x.png in Resources */,
				C7028C911796BA0100A50CBD /* Default-568h@2x.png in Resources */,
				C7028C971796BA0100A50CBD /* EEMainView.xib in Resources */,
				C7028C9E1796BAFD00A50CBD /* Logo_Nutrindo_57x57.png in Resources */,
				C7028CA01796BB0600A50CBD /* Logo_Nutrindo_114x114.png in Resources */,
				C7028CA21796BC1600A50CBD /* Default.png in Resources */,
				C7028CA41796BC3000A50CBD /* Default@2x.png in Resources */,
				C7028CA61796BC4300A50CBD /* Default-568h@2x.png in Resources */,
				9BEF107F17A5ED6000F94775 /* EEViewRecomendacoes.xib in Resources */,
				9BEF108417A5EDF600F94775 /* EEViewPerfil.xib in Resources */,
				9BEF108917A5EE2500F94775 /* EEViewRegistro.xib in Resources */,
			);
			runOnlyForDeploymentPostprocessing = 0;
		};
/* End PBXResourcesBuildPhase section */

/* Begin PBXSourcesBuildPhase section */
		C7028C731796BA0000A50CBD /* Sources */ = {
			isa = PBXSourcesBuildPhase;
			buildActionMask = 2147483647;
			files = (
				C7028C871796BA0100A50CBD /* main.m in Sources */,
				C7028C8B1796BA0100A50CBD /* EEAppDelegate.m in Sources */,
				C7028C941796BA0100A50CBD /* EEMainView.m in Sources */,
				9BEF107E17A5ED6000F94775 /* EEViewRecomendacoes.m in Sources */,
				9BEF108317A5EDF600F94775 /* EEViewPerfil.m in Sources */,
				9BEF108817A5EE2500F94775 /* EEViewRegistro.m in Sources */,
			);
			runOnlyForDeploymentPostprocessing = 0;
		};
/* End PBXSourcesBuildPhase section */

/* Begin PBXVariantGroup section */
		C7028C831796BA0100A50CBD /* InfoPlist.strings */ = {
			isa = PBXVariantGroup;
			children = (
				C7028C841796BA0100A50CBD /* en */,
			);
			name = InfoPlist.strings;
			sourceTree = "<group>";
		};
		C7028C951796BA0100A50CBD /* EEMainView.xib */ = {
			isa = PBXVariantGroup;
			children = (
				C7028C961796BA0100A50CBD /* en */,
			);
			name = EEMainView.xib;
			sourceTree = "<group>";
		};
/* End PBXVariantGroup section */

/* Begin XCBuildConfiguration section */
		C7028C981796BA0100A50CBD /* Debug */ = {
			isa = XCBuildConfiguration;
			buildSettings = {
				ALWAYS_SEARCH_USER_PATHS = NO;
				CLANG_CXX_LANGUAGE_STANDARD = "gnu++0x";
				CLANG_CXX_LIBRARY = "libc++";
				CLANG_WARN_CONSTANT_CONVERSION = YES;
				CLANG_WARN_EMPTY_BODY = YES;
				CLANG_WARN_ENUM_CONVERSION = YES;
				CLANG_WARN_INT_CONVERSION = YES;
				CLANG_WARN__DUPLICATE_METHOD_MATCH = YES;
				"CODE_SIGN_IDENTITY[sdk=iphoneos*]" = "iPhone Developer";
				COPY_PHASE_STRIP = NO;
				GCC_C_LANGUAGE_STANDARD = gnu99;
				GCC_DYNAMIC_NO_PIC = NO;
				GCC_OPTIMIZATION_LEVEL = 0;
				GCC_PREPROCESSOR_DEFINITIONS = (
					"DEBUG=1",
					"$(inherited)",
				);
				GCC_SYMBOLS_PRIVATE_EXTERN = NO;
				GCC_WARN_ABOUT_RETURN_TYPE = YES;
				GCC_WARN_UNINITIALIZED_AUTOS = YES;
				GCC_WARN_UNUSED_VARIABLE = YES;
				IPHONEOS_DEPLOYMENT_TARGET = 6.1;
				ONLY_ACTIVE_ARCH = YES;
				SDKROOT = iphoneos;
			};
			name = Debug;
		};
		C7028C991796BA0100A50CBD /* Release */ = {
			isa = XCBuildConfiguration;
			buildSettings = {
				ALWAYS_SEARCH_USER_PATHS = NO;
				CLANG_CXX_LANGUAGE_STANDARD = "gnu++0x";
				CLANG_CXX_LIBRARY = "libc++";
				CLANG_WARN_CONSTANT_CONVERSION = YES;
				CLANG_WARN_EMPTY_BODY = YES;
				CLANG_WARN_ENUM_CONVERSION = YES;
				CLANG_WARN_INT_CONVERSION = YES;
				CLANG_WARN__DUPLICATE_METHOD_MATCH = YES;
				"CODE_SIGN_IDENTITY[sdk=iphoneos*]" = "iPhone Developer";
				COPY_PHASE_STRIP = YES;
				GCC_C_LANGUAGE_STANDARD = gnu99;
				GCC_WARN_ABOUT_RETURN_TYPE = YES;
				GCC_WARN_UNINITIALIZED_AUTOS = YES;
				GCC_WARN_UNUSED_VARIABLE = YES;
				IPHONEOS_DEPLOYMENT_TARGET = 6.1;
				OTHER_CFLAGS = "-DNS_BLOCK_ASSERTIONS=1";
				SDKROOT = iphoneos;
				VALIDATE_PRODUCT = YES;
			};
			name = Release;
		};
		C7028C9B1796BA0100A50CBD /* Debug */ = {
			isa = XCBuildConfiguration;
			buildSettings = {
				GCC_PRECOMPILE_PREFIX_HEADER = YES;
				GCC_PREFIX_HEADER = "Nutrindo/Nutrindo-Prefix.pch";
				INFOPLIST_FILE = "Nutrindo/Nutrindo-Info.plist";
				PRODUCT_NAME = "$(TARGET_NAME)";
				WRAPPER_EXTENSION = app;
			};
			name = Debug;
		};
		C7028C9C1796BA0100A50CBD /* Release */ = {
			isa = XCBuildConfiguration;
			buildSettings = {
				GCC_PRECOMPILE_PREFIX_HEADER = YES;
				GCC_PREFIX_HEADER = "Nutrindo/Nutrindo-Prefix.pch";
				INFOPLIST_FILE = "Nutrindo/Nutrindo-Info.plist";
				PRODUCT_NAME = "$(TARGET_NAME)";
				WRAPPER_EXTENSION = app;
			};
			name = Release;
		};
/* End XCBuildConfiguration section */

/* Begin XCConfigurationList section */
		C7028C721796BA0000A50CBD /* Build configuration list for PBXProject "Nutrindo" */ = {
			isa = XCConfigurationList;
			buildConfigurations = (
				C7028C981796BA0100A50CBD /* Debug */,
				C7028C991796BA0100A50CBD /* Release */,
			);
			defaultConfigurationIsVisible = 0;
			defaultConfigurationName = Release;
		};
		C7028C9A1796BA0100A50CBD /* Build configuration list for PBXNativeTarget "Nutrindo" */ = {
			isa = XCConfigurationList;
			buildConfigurations = (
				C7028C9B1796BA0100A50CBD /* Debug */,
				C7028C9C1796BA0100A50CBD /* Release */,
			);
			defaultConfigurationIsVisible = 0;
			defaultConfigurationName = Release;
		};
/* End XCConfigurationList section */
	};
	rootObject = C7028C6F1796BA0000A50CBD /* Project object */;
}
