// !$*UTF8*$!
{
	archiveVersion = 1;
	classes = {
	};
	objectVersion = 46;
	objects = {

/* Begin PBXBuildFile section */
		C747BC9617B6681200A0CDC5 /* empresas.plist in Resources */ = {isa = PBXBuildFile; fileRef = C747BC9517B6681200A0CDC5 /* empresas.plist */; };
		C7A5DD8217883D8B0089783D /* UIKit.framework in Frameworks */ = {isa = PBXBuildFile; fileRef = C7A5DD8117883D8B0089783D /* UIKit.framework */; };
		C7A5DD8417883D8B0089783D /* Foundation.framework in Frameworks */ = {isa = PBXBuildFile; fileRef = C7A5DD8317883D8B0089783D /* Foundation.framework */; };
		C7A5DD8617883D8B0089783D /* CoreGraphics.framework in Frameworks */ = {isa = PBXBuildFile; fileRef = C7A5DD8517883D8B0089783D /* CoreGraphics.framework */; };
		C7A5DD8C17883D8B0089783D /* InfoPlist.strings in Resources */ = {isa = PBXBuildFile; fileRef = C7A5DD8A17883D8B0089783D /* InfoPlist.strings */; };
		C7A5DD8E17883D8B0089783D /* main.m in Sources */ = {isa = PBXBuildFile; fileRef = C7A5DD8D17883D8B0089783D /* main.m */; };
		C7A5DD9217883D8B0089783D /* EEAppDelegate.m in Sources */ = {isa = PBXBuildFile; fileRef = C7A5DD9117883D8B0089783D /* EEAppDelegate.m */; };
		C7A5DD9417883D8B0089783D /* Default.png in Resources */ = {isa = PBXBuildFile; fileRef = C7A5DD9317883D8B0089783D /* Default.png */; };
		C7A5DD9617883D8B0089783D /* Default@2x.png in Resources */ = {isa = PBXBuildFile; fileRef = C7A5DD9517883D8B0089783D /* Default@2x.png */; };
		C7A5DD9817883D8B0089783D /* Default-568h@2x.png in Resources */ = {isa = PBXBuildFile; fileRef = C7A5DD9717883D8B0089783D /* Default-568h@2x.png */; };
		C7A5DD9B17883D8B0089783D /* EEViewController.m in Sources */ = {isa = PBXBuildFile; fileRef = C7A5DD9A17883D8B0089783D /* EEViewController.m */; };
		C7A5DD9E17883D8B0089783D /* EEViewController.xib in Resources */ = {isa = PBXBuildFile; fileRef = C7A5DD9C17883D8B0089783D /* EEViewController.xib */; };
		C7A5DDA6178843710089783D /* EEEmpresa.m in Sources */ = {isa = PBXBuildFile; fileRef = C7A5DDA5178843710089783D /* EEEmpresa.m */; };
/* End PBXBuildFile section */

/* Begin PBXFileReference section */
		C747BC9517B6681200A0CDC5 /* empresas.plist */ = {isa = PBXFileReference; fileEncoding = 4; lastKnownFileType = text.plist.xml; path = empresas.plist; sourceTree = "<group>"; };
		C7A5DD7E17883D8B0089783D /* EmpresasEIA.app */ = {isa = PBXFileReference; explicitFileType = wrapper.application; includeInIndex = 0; path = EmpresasEIA.app; sourceTree = BUILT_PRODUCTS_DIR; };
		C7A5DD8117883D8B0089783D /* UIKit.framework */ = {isa = PBXFileReference; lastKnownFileType = wrapper.framework; name = UIKit.framework; path = System/Library/Frameworks/UIKit.framework; sourceTree = SDKROOT; };
		C7A5DD8317883D8B0089783D /* Foundation.framework */ = {isa = PBXFileReference; lastKnownFileType = wrapper.framework; name = Foundation.framework; path = System/Library/Frameworks/Foundation.framework; sourceTree = SDKROOT; };
		C7A5DD8517883D8B0089783D /* CoreGraphics.framework */ = {isa = PBXFileReference; lastKnownFileType = wrapper.framework; name = CoreGraphics.framework; path = System/Library/Frameworks/CoreGraphics.framework; sourceTree = SDKROOT; };
		C7A5DD8917883D8B0089783D /* EmpresasEIA-Info.plist */ = {isa = PBXFileReference; lastKnownFileType = text.plist.xml; path = "EmpresasEIA-Info.plist"; sourceTree = "<group>"; };
		C7A5DD8B17883D8B0089783D /* en */ = {isa = PBXFileReference; lastKnownFileType = text.plist.strings; name = en; path = en.lproj/InfoPlist.strings; sourceTree = "<group>"; };
		C7A5DD8D17883D8B0089783D /* main.m */ = {isa = PBXFileReference; lastKnownFileType = sourcecode.c.objc; path = main.m; sourceTree = "<group>"; };
		C7A5DD8F17883D8B0089783D /* EmpresasEIA-Prefix.pch */ = {isa = PBXFileReference; lastKnownFileType = sourcecode.c.h; path = "EmpresasEIA-Prefix.pch"; sourceTree = "<group>"; };
		C7A5DD9017883D8B0089783D /* EEAppDelegate.h */ = {isa = PBXFileReference; lastKnownFileType = sourcecode.c.h; path = EEAppDelegate.h; sourceTree = "<group>"; };
		C7A5DD9117883D8B0089783D /* EEAppDelegate.m */ = {isa = PBXFileReference; lastKnownFileType = sourcecode.c.objc; path = EEAppDelegate.m; sourceTree = "<group>"; };
		C7A5DD9317883D8B0089783D /* Default.png */ = {isa = PBXFileReference; lastKnownFileType = image.png; path = Default.png; sourceTree = "<group>"; };
		C7A5DD9517883D8B0089783D /* Default@2x.png */ = {isa = PBXFileReference; lastKnownFileType = image.png; path = "Default@2x.png"; sourceTree = "<group>"; };
		C7A5DD9717883D8B0089783D /* Default-568h@2x.png */ = {isa = PBXFileReference; lastKnownFileType = image.png; path = "Default-568h@2x.png"; sourceTree = "<group>"; };
		C7A5DD9917883D8B0089783D /* EEViewController.h */ = {isa = PBXFileReference; lastKnownFileType = sourcecode.c.h; path = EEViewController.h; sourceTree = "<group>"; };
		C7A5DD9A17883D8B0089783D /* EEViewController.m */ = {isa = PBXFileReference; lastKnownFileType = sourcecode.c.objc; path = EEViewController.m; sourceTree = "<group>"; };
		C7A5DD9D17883D8B0089783D /* en */ = {isa = PBXFileReference; lastKnownFileType = file.xib; name = en; path = en.lproj/EEViewController.xib; sourceTree = "<group>"; };
		C7A5DDA4178843710089783D /* EEEmpresa.h */ = {isa = PBXFileReference; fileEncoding = 4; lastKnownFileType = sourcecode.c.h; path = EEEmpresa.h; sourceTree = "<group>"; };
		C7A5DDA5178843710089783D /* EEEmpresa.m */ = {isa = PBXFileReference; fileEncoding = 4; lastKnownFileType = sourcecode.c.objc; path = EEEmpresa.m; sourceTree = "<group>"; };
/* End PBXFileReference section */

/* Begin PBXFrameworksBuildPhase section */
		C7A5DD7B17883D8B0089783D /* Frameworks */ = {
			isa = PBXFrameworksBuildPhase;
			buildActionMask = 2147483647;
			files = (
				C7A5DD8217883D8B0089783D /* UIKit.framework in Frameworks */,
				C7A5DD8417883D8B0089783D /* Foundation.framework in Frameworks */,
				C7A5DD8617883D8B0089783D /* CoreGraphics.framework in Frameworks */,
			);
			runOnlyForDeploymentPostprocessing = 0;
		};
/* End PBXFrameworksBuildPhase section */

/* Begin PBXGroup section */
		C7A5DD7517883D8B0089783D = {
			isa = PBXGroup;
			children = (
				C7A5DD8717883D8B0089783D /* EmpresasEIA */,
				C7A5DD8017883D8B0089783D /* Frameworks */,
				C7A5DD7F17883D8B0089783D /* Products */,
			);
			sourceTree = "<group>";
		};
		C7A5DD7F17883D8B0089783D /* Products */ = {
			isa = PBXGroup;
			children = (
				C7A5DD7E17883D8B0089783D /* EmpresasEIA.app */,
			);
			name = Products;
			sourceTree = "<group>";
		};
		C7A5DD8017883D8B0089783D /* Frameworks */ = {
			isa = PBXGroup;
			children = (
				C7A5DD8117883D8B0089783D /* UIKit.framework */,
				C7A5DD8317883D8B0089783D /* Foundation.framework */,
				C7A5DD8517883D8B0089783D /* CoreGraphics.framework */,
			);
			name = Frameworks;
			sourceTree = "<group>";
		};
		C7A5DD8717883D8B0089783D /* EmpresasEIA */ = {
			isa = PBXGroup;
			children = (
				C7A5DD9017883D8B0089783D /* EEAppDelegate.h */,
				C7A5DD9117883D8B0089783D /* EEAppDelegate.m */,
				C7A5DD9917883D8B0089783D /* EEViewController.h */,
				C7A5DD9A17883D8B0089783D /* EEViewController.m */,
				C7A5DD9C17883D8B0089783D /* EEViewController.xib */,
				C7A5DDA4178843710089783D /* EEEmpresa.h */,
				C7A5DDA5178843710089783D /* EEEmpresa.m */,
				C7A5DD8817883D8B0089783D /* Supporting Files */,
				C747BC9517B6681200A0CDC5 /* empresas.plist */,
			);
			path = EmpresasEIA;
			sourceTree = "<group>";
		};
		C7A5DD8817883D8B0089783D /* Supporting Files */ = {
			isa = PBXGroup;
			children = (
				C7A5DD8917883D8B0089783D /* EmpresasEIA-Info.plist */,
				C7A5DD8A17883D8B0089783D /* InfoPlist.strings */,
				C7A5DD8D17883D8B0089783D /* main.m */,
				C7A5DD8F17883D8B0089783D /* EmpresasEIA-Prefix.pch */,
				C7A5DD9317883D8B0089783D /* Default.png */,
				C7A5DD9517883D8B0089783D /* Default@2x.png */,
				C7A5DD9717883D8B0089783D /* Default-568h@2x.png */,
			);
			name = "Supporting Files";
			sourceTree = "<group>";
		};
/* End PBXGroup section */

/* Begin PBXNativeTarget section */
		C7A5DD7D17883D8B0089783D /* EmpresasEIA */ = {
			isa = PBXNativeTarget;
			buildConfigurationList = C7A5DDA117883D8B0089783D /* Build configuration list for PBXNativeTarget "EmpresasEIA" */;
			buildPhases = (
				C7A5DD7A17883D8B0089783D /* Sources */,
				C7A5DD7B17883D8B0089783D /* Frameworks */,
				C7A5DD7C17883D8B0089783D /* Resources */,
			);
			buildRules = (
			);
			dependencies = (
			);
			name = EmpresasEIA;
			productName = EmpresasEIA;
			productReference = C7A5DD7E17883D8B0089783D /* EmpresasEIA.app */;
			productType = "com.apple.product-type.application";
		};
/* End PBXNativeTarget section */

/* Begin PBXProject section */
		C7A5DD7617883D8B0089783D /* Project object */ = {
			isa = PBXProject;
			attributes = {
				CLASSPREFIX = EE;
				LastUpgradeCheck = 0460;
				ORGANIZATIONNAME = eia;
			};
			buildConfigurationList = C7A5DD7917883D8B0089783D /* Build configuration list for PBXProject "EmpresasEIA" */;
			compatibilityVersion = "Xcode 3.2";
			developmentRegion = English;
			hasScannedForEncodings = 0;
			knownRegions = (
				en,
			);
			mainGroup = C7A5DD7517883D8B0089783D;
			productRefGroup = C7A5DD7F17883D8B0089783D /* Products */;
			projectDirPath = "";
			projectRoot = "";
			targets = (
				C7A5DD7D17883D8B0089783D /* EmpresasEIA */,
			);
		};
/* End PBXProject section */

/* Begin PBXResourcesBuildPhase section */
		C7A5DD7C17883D8B0089783D /* Resources */ = {
			isa = PBXResourcesBuildPhase;
			buildActionMask = 2147483647;
			files = (
				C7A5DD8C17883D8B0089783D /* InfoPlist.strings in Resources */,
				C7A5DD9417883D8B0089783D /* Default.png in Resources */,
				C7A5DD9617883D8B0089783D /* Default@2x.png in Resources */,
				C7A5DD9817883D8B0089783D /* Default-568h@2x.png in Resources */,
				C7A5DD9E17883D8B0089783D /* EEViewController.xib in Resources */,
				C747BC9617B6681200A0CDC5 /* empresas.plist in Resources */,
			);
			runOnlyForDeploymentPostprocessing = 0;
		};
/* End PBXResourcesBuildPhase section */

/* Begin PBXSourcesBuildPhase section */
		C7A5DD7A17883D8B0089783D /* Sources */ = {
			isa = PBXSourcesBuildPhase;
			buildActionMask = 2147483647;
			files = (
				C7A5DD8E17883D8B0089783D /* main.m in Sources */,
				C7A5DD9217883D8B0089783D /* EEAppDelegate.m in Sources */,
				C7A5DD9B17883D8B0089783D /* EEViewController.m in Sources */,
				C7A5DDA6178843710089783D /* EEEmpresa.m in Sources */,
			);
			runOnlyForDeploymentPostprocessing = 0;
		};
/* End PBXSourcesBuildPhase section */

/* Begin PBXVariantGroup section */
		C7A5DD8A17883D8B0089783D /* InfoPlist.strings */ = {
			isa = PBXVariantGroup;
			children = (
				C7A5DD8B17883D8B0089783D /* en */,
			);
			name = InfoPlist.strings;
			sourceTree = "<group>";
		};
		C7A5DD9C17883D8B0089783D /* EEViewController.xib */ = {
			isa = PBXVariantGroup;
			children = (
				C7A5DD9D17883D8B0089783D /* en */,
			);
			name = EEViewController.xib;
			sourceTree = "<group>";
		};
/* End PBXVariantGroup section */

/* Begin XCBuildConfiguration section */
		C7A5DD9F17883D8B0089783D /* Debug */ = {
			isa = XCBuildConfiguration;
			buildSettings = {
				ALWAYS_SEARCH_USER_PATHS = NO;
				CLANG_CXX_LANGUAGE_STANDARD = "gnu++0x";
				CLANG_CXX_LIBRARY = "libc++";
				CLANG_WARN_CONSTANT_CONVERSION = YES;
				CLANG_WARN_EMPTY_BODY = YES;
				CLANG_WARN_ENUM_CONVERSION = YES;
				CLANG_WARN_INT_CONVERSION = YES;
				CLANG_WARN__DUPLICATE_METHOD_MATCH = YES;
				"CODE_SIGN_IDENTITY[sdk=iphoneos*]" = "iPhone Developer";
				COPY_PHASE_STRIP = NO;
				GCC_C_LANGUAGE_STANDARD = gnu99;
				GCC_DYNAMIC_NO_PIC = NO;
				GCC_OPTIMIZATION_LEVEL = 0;
				GCC_PREPROCESSOR_DEFINITIONS = (
					"DEBUG=1",
					"$(inherited)",
				);
				GCC_SYMBOLS_PRIVATE_EXTERN = NO;
				GCC_WARN_ABOUT_RETURN_TYPE = YES;
				GCC_WARN_UNINITIALIZED_AUTOS = YES;
				GCC_WARN_UNUSED_VARIABLE = YES;
				IPHONEOS_DEPLOYMENT_TARGET = 6.1;
				ONLY_ACTIVE_ARCH = YES;
				SDKROOT = iphoneos;
			};
			name = Debug;
		};
		C7A5DDA017883D8B0089783D /* Release */ = {
			isa = XCBuildConfiguration;
			buildSettings = {
				ALWAYS_SEARCH_USER_PATHS = NO;
				CLANG_CXX_LANGUAGE_STANDARD = "gnu++0x";
				CLANG_CXX_LIBRARY = "libc++";
				CLANG_WARN_CONSTANT_CONVERSION = YES;
				CLANG_WARN_EMPTY_BODY = YES;
				CLANG_WARN_ENUM_CONVERSION = YES;
				CLANG_WARN_INT_CONVERSION = YES;
				CLANG_WARN__DUPLICATE_METHOD_MATCH = YES;
				"CODE_SIGN_IDENTITY[sdk=iphoneos*]" = "iPhone Developer";
				COPY_PHASE_STRIP = YES;
				GCC_C_LANGUAGE_STANDARD = gnu99;
				GCC_WARN_ABOUT_RETURN_TYPE = YES;
				GCC_WARN_UNINITIALIZED_AUTOS = YES;
				GCC_WARN_UNUSED_VARIABLE = YES;
				IPHONEOS_DEPLOYMENT_TARGET = 6.1;
				OTHER_CFLAGS = "-DNS_BLOCK_ASSERTIONS=1";
				SDKROOT = iphoneos;
				VALIDATE_PRODUCT = YES;
			};
			name = Release;
		};
		C7A5DDA217883D8B0089783D /* Debug */ = {
			isa = XCBuildConfiguration;
			buildSettings = {
				GCC_PRECOMPILE_PREFIX_HEADER = YES;
				GCC_PREFIX_HEADER = "EmpresasEIA/EmpresasEIA-Prefix.pch";
				INFOPLIST_FILE = "EmpresasEIA/EmpresasEIA-Info.plist";
				PRODUCT_NAME = "$(TARGET_NAME)";
				WRAPPER_EXTENSION = app;
			};
			name = Debug;
		};
		C7A5DDA317883D8B0089783D /* Release */ = {
			isa = XCBuildConfiguration;
			buildSettings = {
				GCC_PRECOMPILE_PREFIX_HEADER = YES;
				GCC_PREFIX_HEADER = "EmpresasEIA/EmpresasEIA-Prefix.pch";
				INFOPLIST_FILE = "EmpresasEIA/EmpresasEIA-Info.plist";
				PRODUCT_NAME = "$(TARGET_NAME)";
				WRAPPER_EXTENSION = app;
			};
			name = Release;
		};
/* End XCBuildConfiguration section */

/* Begin XCConfigurationList section */
		C7A5DD7917883D8B0089783D /* Build configuration list for PBXProject "EmpresasEIA" */ = {
			isa = XCConfigurationList;
			buildConfigurations = (
				C7A5DD9F17883D8B0089783D /* Debug */,
				C7A5DDA017883D8B0089783D /* Release */,
			);
			defaultConfigurationIsVisible = 0;
			defaultConfigurationName = Release;
		};
		C7A5DDA117883D8B0089783D /* Build configuration list for PBXNativeTarget "EmpresasEIA" */ = {
			isa = XCConfigurationList;
			buildConfigurations = (
				C7A5DDA217883D8B0089783D /* Debug */,
				C7A5DDA317883D8B0089783D /* Release */,
			);
			defaultConfigurationIsVisible = 0;
			defaultConfigurationName = Release;
		};
/* End XCConfigurationList section */
	};
	rootObject = C7A5DD7617883D8B0089783D /* Project object */;
}
